{
  "name": "recettejs",
  "lockfileVersion": 2,
  "requires": true,
  "packages": {
    "": {
      "dependencies": {
        "mealdb": "^1.0.0"
      }
    },
    "node_modules/mealdb": {
      "version": "1.0.0",
      "resolved": "https://registry.npmjs.org/mealdb/-/mealdb-1.0.0.tgz",
      "integrity": "sha512-ON+fEgZwnfk/ctqC5jgvfTEmtJgFpyYVIceSjtSmJ2CjB8EnNPSl1sm31OTKV2/bgIoG+jQ1dCAQHmYl/gCvCA=="
    }
  },
  "dependencies": {
    "mealdb": {
      "version": "1.0.0",
      "resolved": "https://registry.npmjs.org/mealdb/-/mealdb-1.0.0.tgz",
      "integrity": "sha512-ON+fEgZwnfk/ctqC5jgvfTEmtJgFpyYVIceSjtSmJ2CjB8EnNPSl1sm31OTKV2/bgIoG+jQ1dCAQHmYl/gCvCA=="
    }
  }
}
